// !$*UTF8*$!
{
	archiveVersion = 1;
	classes = {
	};
	objectVersion = 46;
	objects = {

/* Begin PBXBuildFile section */
		2F01D1221982742900C840E7 /* TaxiCheckPointVC.m in Sources */ = {isa = PBXBuildFile; fileRef = 2F01D1211982742900C840E7 /* TaxiCheckPointVC.m */; };
		2F1C60051979F285004D3C2A /* TheDarkPortal.m in Sources */ = {isa = PBXBuildFile; fileRef = 2F1C60041979F285004D3C2A /* TheDarkPortal.m */; };
		2F1C600F197AA590004D3C2A /* NSMutableDictionary+Weather.m in Sources */ = {isa = PBXBuildFile; fileRef = 2F1C600E197AA590004D3C2A /* NSMutableDictionary+Weather.m */; };
		2F1C6016197AB0FA004D3C2A /* OldCrafty.m in Sources */ = {isa = PBXBuildFile; fileRef = 2F1C6015197AB0FA004D3C2A /* OldCrafty.m */; };
		2F1C602C197AD501004D3C2A /* TaxiBookingVC.m in Sources */ = {isa = PBXBuildFile; fileRef = 2F1C602B197AD501004D3C2A /* TaxiBookingVC.m */; };
		2F1C602F197AD50F004D3C2A /* TaxiLookingForVC.m in Sources */ = {isa = PBXBuildFile; fileRef = 2F1C602E197AD50F004D3C2A /* TaxiLookingForVC.m */; };
		2F1C6032197AD52F004D3C2A /* TaxiPickingUpVC.m in Sources */ = {isa = PBXBuildFile; fileRef = 2F1C6031197AD52F004D3C2A /* TaxiPickingUpVC.m */; };
		2F1C6060197BACD0004D3C2A /* ArachnidQuarterVC.m in Sources */ = {isa = PBXBuildFile; fileRef = 2F1C604B197BACD0004D3C2A /* ArachnidQuarterVC.m */; };
		2F1C6061197BACD0004D3C2A /* ConstructQuarterVC.m in Sources */ = {isa = PBXBuildFile; fileRef = 2F1C604D197BACD0004D3C2A /* ConstructQuarterVC.m */; };
		2F1C6063197BACD0004D3C2A /* FrostwyrmLairVC.m in Sources */ = {isa = PBXBuildFile; fileRef = 2F1C6051197BACD0004D3C2A /* FrostwyrmLairVC.m */; };
		2F1C6064197BACD0004D3C2A /* MilitaryQuarterVC.m in Sources */ = {isa = PBXBuildFile; fileRef = 2F1C6053197BACD0004D3C2A /* MilitaryQuarterVC.m */; };
		2F1C6065197BACD0004D3C2A /* NaxxramasVC.m in Sources */ = {isa = PBXBuildFile; fileRef = 2F1C6055197BACD0004D3C2A /* NaxxramasVC.m */; };
		2F1C6066197BACD0004D3C2A /* OrgrimarVC.m in Sources */ = {isa = PBXBuildFile; fileRef = 2F1C6057197BACD0004D3C2A /* OrgrimarVC.m */; };
		2F1C6067197BACD0004D3C2A /* PlagueQuarterVC.m in Sources */ = {isa = PBXBuildFile; fileRef = 2F1C6059197BACD0004D3C2A /* PlagueQuarterVC.m */; };
		2F1C6068197BACD0004D3C2A /* PlaneToHotelVC.m in Sources */ = {isa = PBXBuildFile; fileRef = 2F1C605B197BACD0004D3C2A /* PlaneToHotelVC.m */; };
		2F5028521977DD420052F818 /* Foundation.framework in Frameworks */ = {isa = PBXBuildFile; fileRef = 2F5028511977DD420052F818 /* Foundation.framework */; };
		2F5028541977DD420052F818 /* CoreGraphics.framework in Frameworks */ = {isa = PBXBuildFile; fileRef = 2F5028531977DD420052F818 /* CoreGraphics.framework */; };
		2F5028561977DD420052F818 /* UIKit.framework in Frameworks */ = {isa = PBXBuildFile; fileRef = 2F5028551977DD420052F818 /* UIKit.framework */; };
		2F50285E1977DD430052F818 /* main.m in Sources */ = {isa = PBXBuildFile; fileRef = 2F50285D1977DD430052F818 /* main.m */; };
		2F5028621977DD430052F818 /* AppDelegate.m in Sources */ = {isa = PBXBuildFile; fileRef = 2F5028611977DD430052F818 /* AppDelegate.m */; };
		2F5028651977DD430052F818 /* Main.storyboard in Resources */ = {isa = PBXBuildFile; fileRef = 2F5028631977DD430052F818 /* Main.storyboard */; };
		2F5028681977DD430052F818 /* ViewController.m in Sources */ = {isa = PBXBuildFile; fileRef = 2F5028671977DD430052F818 /* ViewController.m */; };
		2F5028711977DD430052F818 /* XCTest.framework in Frameworks */ = {isa = PBXBuildFile; fileRef = 2F5028701977DD430052F818 /* XCTest.framework */; };
		2F5028721977DD430052F818 /* Foundation.framework in Frameworks */ = {isa = PBXBuildFile; fileRef = 2F5028511977DD420052F818 /* Foundation.framework */; };
		2F5028731977DD430052F818 /* UIKit.framework in Frameworks */ = {isa = PBXBuildFile; fileRef = 2F5028551977DD420052F818 /* UIKit.framework */; };
		2F50287D1977DD430052F818 /* HordeTests.m in Sources */ = {isa = PBXBuildFile; fileRef = 2F50287C1977DD430052F818 /* HordeTests.m */; };
		2F5393E119874FA1000F98DB /* icon144@2x.png in Resources */ = {isa = PBXBuildFile; fileRef = 2F5393DE19874FA1000F98DB /* icon144@2x.png */; };
		2F5393E219874FA1000F98DB /* icon29@2x.png in Resources */ = {isa = PBXBuildFile; fileRef = 2F5393DF19874FA1000F98DB /* icon29@2x.png */; };
		2F5393E319874FA1000F98DB /* 订单 2.png in Resources */ = {isa = PBXBuildFile; fileRef = 2F5393E019874FA1000F98DB /* 订单 2.png */; };
		2F6E3E36198671F70072BBB9 /* 06.png in Resources */ = {isa = PBXBuildFile; fileRef = 2F6E3E06198671F70072BBB9 /* 06.png */; };
		2F6E3E37198671F70072BBB9 /* 1.jpg in Resources */ = {isa = PBXBuildFile; fileRef = 2F6E3E07198671F70072BBB9 /* 1.jpg */; };
		2F6E3E38198671F70072BBB9 /* 1.png in Resources */ = {isa = PBXBuildFile; fileRef = 2F6E3E08198671F70072BBB9 /* 1.png */; };
		2F6E3E39198671F70072BBB9 /* 2.png in Resources */ = {isa = PBXBuildFile; fileRef = 2F6E3E09198671F70072BBB9 /* 2.png */; };
		2F6E3E3A198671F70072BBB9 /* 3.png in Resources */ = {isa = PBXBuildFile; fileRef = 2F6E3E0A198671F70072BBB9 /* 3.png */; };
		2F6E3E3B198671F70072BBB9 /* 4.png in Resources */ = {isa = PBXBuildFile; fileRef = 2F6E3E0B198671F70072BBB9 /* 4.png */; };
		2F6E3E3C198671F70072BBB9 /* back@2x.png in Resources */ = {isa = PBXBuildFile; fileRef = 2F6E3E0C198671F70072BBB9 /* back@2x.png */; };
		2F6E3E3D198671F70072BBB9 /* fake_main.png in Resources */ = {isa = PBXBuildFile; fileRef = 2F6E3E0D198671F70072BBB9 /* fake_main.png */; };
		2F6E3E40198671F70072BBB9 /* icon512@2x.png in Resources */ = {isa = PBXBuildFile; fileRef = 2F6E3E10198671F70072BBB9 /* icon512@2x.png */; };
		2F6E3E41198671F70072BBB9 /* icon57@2x.png in Resources */ = {isa = PBXBuildFile; fileRef = 2F6E3E11198671F70072BBB9 /* icon57@2x.png */; };
		2F6E3E42198671F70072BBB9 /* icon58@2x.png in Resources */ = {isa = PBXBuildFile; fileRef = 2F6E3E12198671F70072BBB9 /* icon58@2x.png */; };
		2F6E3E43198671F70072BBB9 /* icon_location@2x.png in Resources */ = {isa = PBXBuildFile; fileRef = 2F6E3E13198671F70072BBB9 /* icon_location@2x.png */; };
		2F6E3E44198671F70072BBB9 /* icon_plant@2x.png in Resources */ = {isa = PBXBuildFile; fileRef = 2F6E3E14198671F70072BBB9 /* icon_plant@2x.png */; };
		2F6E3E45198671F70072BBB9 /* section_1.jpg in Resources */ = {isa = PBXBuildFile; fileRef = 2F6E3E15198671F70072BBB9 /* section_1.jpg */; };
		2F6E3E46198671F70072BBB9 /* section_2.jpg in Resources */ = {isa = PBXBuildFile; fileRef = 2F6E3E16198671F70072BBB9 /* section_2.jpg */; };
		2F6E3E47198671F70072BBB9 /* section_3.jpg in Resources */ = {isa = PBXBuildFile; fileRef = 2F6E3E17198671F70072BBB9 /* section_3.jpg */; };
		2F6E3E48198671F70072BBB9 /* section_4.jpg in Resources */ = {isa = PBXBuildFile; fileRef = 2F6E3E18198671F70072BBB9 /* section_4.jpg */; };
		2F6E3E49198671F70072BBB9 /* traffic_airport@2x.png in Resources */ = {isa = PBXBuildFile; fileRef = 2F6E3E19198671F70072BBB9 /* traffic_airport@2x.png */; };
		2F6E3E4A198671F70072BBB9 /* Wifi.png in Resources */ = {isa = PBXBuildFile; fileRef = 2F6E3E1A198671F70072BBB9 /* Wifi.png */; };
		2F6E3E4B198671F70072BBB9 /* 价格.png in Resources */ = {isa = PBXBuildFile; fileRef = 2F6E3E1B198671F70072BBB9 /* 价格.png */; };
		2F6E3E4C198671F70072BBB9 /* 司机信息.png in Resources */ = {isa = PBXBuildFile; fileRef = 2F6E3E1C198671F70072BBB9 /* 司机信息.png */; };
		2F6E3E4D198671F70072BBB9 /* 填写接机_进入.png in Resources */ = {isa = PBXBuildFile; fileRef = 2F6E3E1D198671F70072BBB9 /* 填写接机_进入.png */; };
		2F6E3E4E198671F70072BBB9 /* 我的_normal.png in Resources */ = {isa = PBXBuildFile; fileRef = 2F6E3E1E198671F70072BBB9 /* 我的_normal.png */; };
		2F6E3E4F198671F70072BBB9 /* 我的_pressed.png in Resources */ = {isa = PBXBuildFile; fileRef = 2F6E3E1F198671F70072BBB9 /* 我的_pressed.png */; };
		2F6E3E50198671F70072BBB9 /* 提示.png in Resources */ = {isa = PBXBuildFile; fileRef = 2F6E3E20198671F70072BBB9 /* 提示.png */; };
		2F6E3E51198671F70072BBB9 /* 查看路线.png in Resources */ = {isa = PBXBuildFile; fileRef = 2F6E3E21198671F70072BBB9 /* 查看路线.png */; };
		2F6E3E52198671F70072BBB9 /* 步行去乘车点.png in Resources */ = {isa = PBXBuildFile; fileRef = 2F6E3E22198671F70072BBB9 /* 步行去乘车点.png */; };
		2F6E3E53198671F70072BBB9 /* 约车_normal.png in Resources */ = {isa = PBXBuildFile; fileRef = 2F6E3E23198671F70072BBB9 /* 约车_normal.png */; };
		2F6E3E54198671F70072BBB9 /* 约车_perssed.png in Resources */ = {isa = PBXBuildFile; fileRef = 2F6E3E24198671F70072BBB9 /* 约车_perssed.png */; };
		2F6E3E55198671F70072BBB9 /* 终.png in Resources */ = {isa = PBXBuildFile; fileRef = 2F6E3E25198671F70072BBB9 /* 终.png */; };
		2F6E3E56198671F70072BBB9 /* 货柜_normal.png in Resources */ = {isa = PBXBuildFile; fileRef = 2F6E3E26198671F70072BBB9 /* 货柜_normal.png */; };
		2F6E3E57198671F70072BBB9 /* 货柜_pressed.png in Resources */ = {isa = PBXBuildFile; fileRef = 2F6E3E27198671F70072BBB9 /* 货柜_pressed.png */; };
		2F6E3E58198671F70072BBB9 /* 购物车.png in Resources */ = {isa = PBXBuildFile; fileRef = 2F6E3E28198671F70072BBB9 /* 购物车.png */; };
		2F6E3E59198671F70072BBB9 /* 起.png in Resources */ = {isa = PBXBuildFile; fileRef = 2F6E3E29198671F70072BBB9 /* 起.png */; };
		2F6E3E5A198671F70072BBB9 /* 车上货柜，头部信息.png in Resources */ = {isa = PBXBuildFile; fileRef = 2F6E3E2A198671F70072BBB9 /* 车上货柜，头部信息.png */; };
		2F6E3E5B198671F70072BBB9 /* 进入.png in Resources */ = {isa = PBXBuildFile; fileRef = 2F6E3E2B198671F70072BBB9 /* 进入.png */; };
		2F6E3E5C198671F70072BBB9 /* 进入@2x.png in Resources */ = {isa = PBXBuildFile; fileRef = 2F6E3E2C198671F70072BBB9 /* 进入@2x.png */; };
		2F6E3E5D198671F70072BBB9 /* 退税_normal.png in Resources */ = {isa = PBXBuildFile; fileRef = 2F6E3E2D198671F70072BBB9 /* 退税_normal.png */; };
		2F6E3E5E198671F70072BBB9 /* 退税_pressed.png in Resources */ = {isa = PBXBuildFile; fileRef = 2F6E3E2E198671F70072BBB9 /* 退税_pressed.png */; };
		2F6E3E5F198671F70072BBB9 /* 选择.png in Resources */ = {isa = PBXBuildFile; fileRef = 2F6E3E2F198671F70072BBB9 /* 选择.png */; };
		2F6E3E60198671F70072BBB9 /* 选择对勾.png in Resources */ = {isa = PBXBuildFile; fileRef = 2F6E3E30198671F70072BBB9 /* 选择对勾.png */; };
		2F6E3E61198671F70072BBB9 /* 选择接机时间.png in Resources */ = {isa = PBXBuildFile; fileRef = 2F6E3E31198671F70072BBB9 /* 选择接机时间.png */; };
		2F6E3E62198671F70072BBB9 /* 选择航班号.png in Resources */ = {isa = PBXBuildFile; fileRef = 2F6E3E32198671F70072BBB9 /* 选择航班号.png */; };
		2F6E3E63198671F70072BBB9 /* 选择车型.png in Resources */ = {isa = PBXBuildFile; fileRef = 2F6E3E33198671F70072BBB9 /* 选择车型.png */; };
		2F6E3E64198671F70072BBB9 /* 通知.png in Resources */ = {isa = PBXBuildFile; fileRef = 2F6E3E34198671F70072BBB9 /* 通知.png */; };
		2F6E3E65198671F70072BBB9 /* 预约用车.png in Resources */ = {isa = PBXBuildFile; fileRef = 2F6E3E35198671F70072BBB9 /* 预约用车.png */; };
		2F6E3E69198673150072BBB9 /* icon120@2x.png in Resources */ = {isa = PBXBuildFile; fileRef = 2F6E3E66198673150072BBB9 /* icon120@2x.png */; };
		2F6E3E6A198673150072BBB9 /* icon114@2x.png in Resources */ = {isa = PBXBuildFile; fileRef = 2F6E3E67198673150072BBB9 /* icon114@2x.png */; };
		2F6E3E6B198673150072BBB9 /* icon80@2x.png in Resources */ = {isa = PBXBuildFile; fileRef = 2F6E3E68198673150072BBB9 /* icon80@2x.png */; };
		2F6E3E6D198674DD0072BBB9 /* Images.xcassets in Resources */ = {isa = PBXBuildFile; fileRef = 2F6E3E6C198674DD0072BBB9 /* Images.xcassets */; };
		2F74986019864E3700AE2608 /* RaidVC.m in Sources */ = {isa = PBXBuildFile; fileRef = 2F74985F19864E3700AE2608 /* RaidVC.m */; };
		2F7946DF1987A3C900BC43B8 /* 5.png in Resources */ = {isa = PBXBuildFile; fileRef = 2F7946DD1987A3C900BC43B8 /* 5.png */; };
		2F7946E01987A3C900BC43B8 /* 6.png in Resources */ = {isa = PBXBuildFile; fileRef = 2F7946DE1987A3C900BC43B8 /* 6.png */; };
		2F7946E21987A87300BC43B8 /* 货柜整张.png in Resources */ = {isa = PBXBuildFile; fileRef = 2F7946E11987A87300BC43B8 /* 货柜整张.png */; };
		2F8C791A197CCF3A0071297C /* Dungeons.strings in Resources */ = {isa = PBXBuildFile; fileRef = 2F8C791C197CCF3A0071297C /* Dungeons.strings */; };
		2F9B64381984F8A1003EF37F /* NSMutableDictionary+Mission.m in Sources */ = {isa = PBXBuildFile; fileRef = 2F9B64371984F8A1003EF37F /* NSMutableDictionary+Mission.m */; };
		2F9B6C6E1987C14800ED8936 /* 我的2.png in Resources */ = {isa = PBXBuildFile; fileRef = 2F9B6C6D1987C14800ED8936 /* 我的2.png */; };
		2F9B88BB19877E3100B94D0A /* 在路上.png in Resources */ = {isa = PBXBuildFile; fileRef = 2F9B88B819877E3100B94D0A /* 在路上.png */; };
		2F9B88BC19877E3100B94D0A /* 已到达.png in Resources */ = {isa = PBXBuildFile; fileRef = 2F9B88B919877E3100B94D0A /* 已到达.png */; };
		2F9B88BD19877E3100B94D0A /* 未出发.png in Resources */ = {isa = PBXBuildFile; fileRef = 2F9B88BA19877E3100B94D0A /* 未出发.png */; };
		2F9B88BF19877EAF00B94D0A /* 框.png in Resources */ = {isa = PBXBuildFile; fileRef = 2F9B88BE19877EAF00B94D0A /* 框.png */; };
		2FB84B74197E75DA002B807F /* TaxiPickingUpOrder.m in Sources */ = {isa = PBXBuildFile; fileRef = 2FB84B73197E75DA002B807F /* TaxiPickingUpOrder.m */; };
		2FB84B7A197E84DC002B807F /* TaxiPickingUpCompletedVC.m in Sources */ = {isa = PBXBuildFile; fileRef = 2FB84B79197E84DC002B807F /* TaxiPickingUpCompletedVC.m */; };
		2FB84B9F197F5AAE002B807F /* DungeonsVC.m in Sources */ = {isa = PBXBuildFile; fileRef = 2FB84B8B197F5AAE002B807F /* DungeonsVC.m */; };
		2FB84BA0197F5AAE002B807F /* minback@2x.png in Resources */ = {isa = PBXBuildFile; fileRef = 2FB84B8C197F5AAE002B807F /* minback@2x.png */; };
		2FB84BA1197F5AAE002B807F /* NSBundle+Language.m in Sources */ = {isa = PBXBuildFile; fileRef = 2FB84B8E197F5AAE002B807F /* NSBundle+Language.m */; };
		2FB84BA2197F5AAE002B807F /* NSMutableDictionary+Request.m in Sources */ = {isa = PBXBuildFile; fileRef = 2FB84B90197F5AAE002B807F /* NSMutableDictionary+Request.m */; };
		2FB84BA3197F5AAE002B807F /* NSMutableDictionary+Response.m in Sources */ = {isa = PBXBuildFile; fileRef = 2FB84B92197F5AAE002B807F /* NSMutableDictionary+Response.m */; };
		2FB84BA4197F5AAE002B807F /* NSMutableDictionary+Status.m in Sources */ = {isa = PBXBuildFile; fileRef = 2FB84B94197F5AAE002B807F /* NSMutableDictionary+Status.m */; };
		2FB84BA5197F5AAE002B807F /* Orgrimar.m in Sources */ = {isa = PBXBuildFile; fileRef = 2FB84B96197F5AAE002B807F /* Orgrimar.m */; };
		2FB84BA6197F5AAE002B807F /* SoloVC.m in Sources */ = {isa = PBXBuildFile; fileRef = 2FB84B98197F5AAE002B807F /* SoloVC.m */; };
		2FB84BA7197F5AAE002B807F /* UIImageView+Util.m in Sources */ = {isa = PBXBuildFile; fileRef = 2FB84B9A197F5AAE002B807F /* UIImageView+Util.m */; };
		2FB84BA8197F5AAE002B807F /* UILabel+Util.m in Sources */ = {isa = PBXBuildFile; fileRef = 2FB84B9C197F5AAE002B807F /* UILabel+Util.m */; };
		2FB84BA9197F5AAE002B807F /* UIView+Util.m in Sources */ = {isa = PBXBuildFile; fileRef = 2FB84B9E197F5AAE002B807F /* UIView+Util.m */; };
		2FB84BAC197F5F4C002B807F /* UIHelper.m in Sources */ = {isa = PBXBuildFile; fileRef = 2FB84BAB197F5F4C002B807F /* UIHelper.m */; };
		2FB84BB2197F6311002B807F /* TaxiOnBoardStorageVC.m in Sources */ = {isa = PBXBuildFile; fileRef = 2FB84BB1197F6311002B807F /* TaxiOnBoardStorageVC.m */; };
		2FB84BB6197F8DA0002B807F /* StorageItemCell.m in Sources */ = {isa = PBXBuildFile; fileRef = 2FB84BB5197F8DA0002B807F /* StorageItemCell.m */; };
		2FB84BB9197F8E07002B807F /* NSMutableDictionary+StorageItem.m in Sources */ = {isa = PBXBuildFile; fileRef = 2FB84BB8197F8E07002B807F /* NSMutableDictionary+StorageItem.m */; };
		2FB84BC4197FD1B9002B807F /* StorageItemSectionView.m in Sources */ = {isa = PBXBuildFile; fileRef = 2FB84BC3197FD1B9002B807F /* StorageItemSectionView.m */; };
		2FB84BC7197FDF90002B807F /* NSMutableDictionary+Driver.m in Sources */ = {isa = PBXBuildFile; fileRef = 2FB84BC6197FDF90002B807F /* NSMutableDictionary+Driver.m */; };
		2FB84BCA1980A8A2002B807F /* NSMutableDictionary+OrderDetail.m in Sources */ = {isa = PBXBuildFile; fileRef = 2FB84BC91980A8A2002B807F /* NSMutableDictionary+OrderDetail.m */; };
		2FBA0D87197D04F000B8C280 /* NSMutableDictionary+Flight.m in Sources */ = {isa = PBXBuildFile; fileRef = 2FBA0D86197D04F000B8C280 /* NSMutableDictionary+Flight.m */; };
/* End PBXBuildFile section */

/* Begin PBXContainerItemProxy section */
		2F5028741977DD430052F818 /* PBXContainerItemProxy */ = {
			isa = PBXContainerItemProxy;
			containerPortal = 2F5028461977DD420052F818 /* Project object */;
			proxyType = 1;
			remoteGlobalIDString = 2F50284D1977DD420052F818;
			remoteInfo = Horde;
		};
/* End PBXContainerItemProxy section */

/* Begin PBXFileReference section */
		2F01D1201982742900C840E7 /* TaxiCheckPointVC.h */ = {isa = PBXFileReference; fileEncoding = 4; lastKnownFileType = sourcecode.c.h; path = TaxiCheckPointVC.h; sourceTree = "<group>"; };
		2F01D1211982742900C840E7 /* TaxiCheckPointVC.m */ = {isa = PBXFileReference; fileEncoding = 4; lastKnownFileType = sourcecode.c.objc; path = TaxiCheckPointVC.m; sourceTree = "<group>"; };
		2F1C60031979F285004D3C2A /* TheDarkPortal.h */ = {isa = PBXFileReference; fileEncoding = 4; lastKnownFileType = sourcecode.c.h; path = TheDarkPortal.h; sourceTree = "<group>"; };
		2F1C60041979F285004D3C2A /* TheDarkPortal.m */ = {isa = PBXFileReference; fileEncoding = 4; lastKnownFileType = sourcecode.c.objc; path = TheDarkPortal.m; sourceTree = "<group>"; };
		2F1C600D197AA590004D3C2A /* NSMutableDictionary+Weather.h */ = {isa = PBXFileReference; fileEncoding = 4; lastKnownFileType = sourcecode.c.h; path = "NSMutableDictionary+Weather.h"; sourceTree = "<group>"; };
		2F1C600E197AA590004D3C2A /* NSMutableDictionary+Weather.m */ = {isa = PBXFileReference; fileEncoding = 4; lastKnownFileType = sourcecode.c.objc; path = "NSMutableDictionary+Weather.m"; sourceTree = "<group>"; };
		2F1C6014197AB0FA004D3C2A /* OldCrafty.h */ = {isa = PBXFileReference; fileEncoding = 4; lastKnownFileType = sourcecode.c.h; path = OldCrafty.h; sourceTree = "<group>"; };
		2F1C6015197AB0FA004D3C2A /* OldCrafty.m */ = {isa = PBXFileReference; fileEncoding = 4; lastKnownFileType = sourcecode.c.objc; path = OldCrafty.m; sourceTree = "<group>"; };
		2F1C602A197AD501004D3C2A /* TaxiBookingVC.h */ = {isa = PBXFileReference; fileEncoding = 4; lastKnownFileType = sourcecode.c.h; path = TaxiBookingVC.h; sourceTree = "<group>"; };
		2F1C602B197AD501004D3C2A /* TaxiBookingVC.m */ = {isa = PBXFileReference; fileEncoding = 4; lastKnownFileType = sourcecode.c.objc; path = TaxiBookingVC.m; sourceTree = "<group>"; };
		2F1C602D197AD50F004D3C2A /* TaxiLookingForVC.h */ = {isa = PBXFileReference; fileEncoding = 4; lastKnownFileType = sourcecode.c.h; path = TaxiLookingForVC.h; sourceTree = "<group>"; };
		2F1C602E197AD50F004D3C2A /* TaxiLookingForVC.m */ = {isa = PBXFileReference; fileEncoding = 4; lastKnownFileType = sourcecode.c.objc; path = TaxiLookingForVC.m; sourceTree = "<group>"; };
		2F1C6030197AD52F004D3C2A /* TaxiPickingUpVC.h */ = {isa = PBXFileReference; fileEncoding = 4; lastKnownFileType = sourcecode.c.h; path = TaxiPickingUpVC.h; sourceTree = "<group>"; };
		2F1C6031197AD52F004D3C2A /* TaxiPickingUpVC.m */ = {isa = PBXFileReference; fileEncoding = 4; lastKnownFileType = sourcecode.c.objc; path = TaxiPickingUpVC.m; sourceTree = "<group>"; };
		2F1C604A197BACD0004D3C2A /* ArachnidQuarterVC.h */ = {isa = PBXFileReference; fileEncoding = 4; lastKnownFileType = sourcecode.c.h; path = ArachnidQuarterVC.h; sourceTree = "<group>"; };
		2F1C604B197BACD0004D3C2A /* ArachnidQuarterVC.m */ = {isa = PBXFileReference; fileEncoding = 4; lastKnownFileType = sourcecode.c.objc; path = ArachnidQuarterVC.m; sourceTree = "<group>"; };
		2F1C604C197BACD0004D3C2A /* ConstructQuarterVC.h */ = {isa = PBXFileReference; fileEncoding = 4; lastKnownFileType = sourcecode.c.h; path = ConstructQuarterVC.h; sourceTree = "<group>"; };
		2F1C604D197BACD0004D3C2A /* ConstructQuarterVC.m */ = {isa = PBXFileReference; fileEncoding = 4; lastKnownFileType = sourcecode.c.objc; path = ConstructQuarterVC.m; sourceTree = "<group>"; };
		2F1C6050197BACD0004D3C2A /* FrostwyrmLairVC.h */ = {isa = PBXFileReference; fileEncoding = 4; lastKnownFileType = sourcecode.c.h; path = FrostwyrmLairVC.h; sourceTree = "<group>"; };
		2F1C6051197BACD0004D3C2A /* FrostwyrmLairVC.m */ = {isa = PBXFileReference; fileEncoding = 4; lastKnownFileType = sourcecode.c.objc; path = FrostwyrmLairVC.m; sourceTree = "<group>"; };
		2F1C6052197BACD0004D3C2A /* MilitaryQuarterVC.h */ = {isa = PBXFileReference; fileEncoding = 4; lastKnownFileType = sourcecode.c.h; path = MilitaryQuarterVC.h; sourceTree = "<group>"; };
		2F1C6053197BACD0004D3C2A /* MilitaryQuarterVC.m */ = {isa = PBXFileReference; fileEncoding = 4; lastKnownFileType = sourcecode.c.objc; path = MilitaryQuarterVC.m; sourceTree = "<group>"; };
		2F1C6054197BACD0004D3C2A /* NaxxramasVC.h */ = {isa = PBXFileReference; fileEncoding = 4; lastKnownFileType = sourcecode.c.h; path = NaxxramasVC.h; sourceTree = "<group>"; };
		2F1C6055197BACD0004D3C2A /* NaxxramasVC.m */ = {isa = PBXFileReference; fileEncoding = 4; lastKnownFileType = sourcecode.c.objc; path = NaxxramasVC.m; sourceTree = "<group>"; };
		2F1C6056197BACD0004D3C2A /* OrgrimarVC.h */ = {isa = PBXFileReference; fileEncoding = 4; lastKnownFileType = sourcecode.c.h; path = OrgrimarVC.h; sourceTree = "<group>"; };
		2F1C6057197BACD0004D3C2A /* OrgrimarVC.m */ = {isa = PBXFileReference; fileEncoding = 4; lastKnownFileType = sourcecode.c.objc; path = OrgrimarVC.m; sourceTree = "<group>"; };
		2F1C6058197BACD0004D3C2A /* PlagueQuarterVC.h */ = {isa = PBXFileReference; fileEncoding = 4; lastKnownFileType = sourcecode.c.h; path = PlagueQuarterVC.h; sourceTree = "<group>"; };
		2F1C6059197BACD0004D3C2A /* PlagueQuarterVC.m */ = {isa = PBXFileReference; fileEncoding = 4; lastKnownFileType = sourcecode.c.objc; path = PlagueQuarterVC.m; sourceTree = "<group>"; };
		2F1C605A197BACD0004D3C2A /* PlaneToHotelVC.h */ = {isa = PBXFileReference; fileEncoding = 4; lastKnownFileType = sourcecode.c.h; path = PlaneToHotelVC.h; sourceTree = "<group>"; };
		2F1C605B197BACD0004D3C2A /* PlaneToHotelVC.m */ = {isa = PBXFileReference; fileEncoding = 4; lastKnownFileType = sourcecode.c.objc; path = PlaneToHotelVC.m; sourceTree = "<group>"; };
		2F50284E1977DD420052F818 /* Horde.app */ = {isa = PBXFileReference; explicitFileType = wrapper.application; includeInIndex = 0; path = Horde.app; sourceTree = BUILT_PRODUCTS_DIR; };
		2F5028511977DD420052F818 /* Foundation.framework */ = {isa = PBXFileReference; lastKnownFileType = wrapper.framework; name = Foundation.framework; path = System/Library/Frameworks/Foundation.framework; sourceTree = SDKROOT; };
		2F5028531977DD420052F818 /* CoreGraphics.framework */ = {isa = PBXFileReference; lastKnownFileType = wrapper.framework; name = CoreGraphics.framework; path = System/Library/Frameworks/CoreGraphics.framework; sourceTree = SDKROOT; };
		2F5028551977DD420052F818 /* UIKit.framework */ = {isa = PBXFileReference; lastKnownFileType = wrapper.framework; name = UIKit.framework; path = System/Library/Frameworks/UIKit.framework; sourceTree = SDKROOT; };
		2F5028591977DD420052F818 /* Horde-Info.plist */ = {isa = PBXFileReference; lastKnownFileType = text.plist.xml; path = "Horde-Info.plist"; sourceTree = "<group>"; };
		2F50285D1977DD430052F818 /* main.m */ = {isa = PBXFileReference; lastKnownFileType = sourcecode.c.objc; path = main.m; sourceTree = "<group>"; };
		2F50285F1977DD430052F818 /* Horde-Prefix.pch */ = {isa = PBXFileReference; lastKnownFileType = sourcecode.c.h; path = "Horde-Prefix.pch"; sourceTree = "<group>"; };
		2F5028601977DD430052F818 /* AppDelegate.h */ = {isa = PBXFileReference; lastKnownFileType = sourcecode.c.h; path = AppDelegate.h; sourceTree = "<group>"; };
		2F5028611977DD430052F818 /* AppDelegate.m */ = {isa = PBXFileReference; lastKnownFileType = sourcecode.c.objc; path = AppDelegate.m; sourceTree = "<group>"; };
		2F5028641977DD430052F818 /* Base */ = {isa = PBXFileReference; lastKnownFileType = file.storyboard; name = Base; path = Base.lproj/Main.storyboard; sourceTree = "<group>"; };
		2F5028661977DD430052F818 /* ViewController.h */ = {isa = PBXFileReference; lastKnownFileType = sourcecode.c.h; path = ViewController.h; sourceTree = "<group>"; };
		2F5028671977DD430052F818 /* ViewController.m */ = {isa = PBXFileReference; lastKnownFileType = sourcecode.c.objc; path = ViewController.m; sourceTree = "<group>"; };
		2F50286F1977DD430052F818 /* HordeTests.xctest */ = {isa = PBXFileReference; explicitFileType = wrapper.cfbundle; includeInIndex = 0; path = HordeTests.xctest; sourceTree = BUILT_PRODUCTS_DIR; };
		2F5028701977DD430052F818 /* XCTest.framework */ = {isa = PBXFileReference; lastKnownFileType = wrapper.framework; name = XCTest.framework; path = Library/Frameworks/XCTest.framework; sourceTree = DEVELOPER_DIR; };
		2F5028781977DD430052F818 /* HordeTests-Info.plist */ = {isa = PBXFileReference; lastKnownFileType = text.plist.xml; path = "HordeTests-Info.plist"; sourceTree = "<group>"; };
		2F50287C1977DD430052F818 /* HordeTests.m */ = {isa = PBXFileReference; lastKnownFileType = sourcecode.c.objc; path = HordeTests.m; sourceTree = "<group>"; };
		2F5393DE19874FA1000F98DB /* icon144@2x.png */ = {isa = PBXFileReference; lastKnownFileType = image.png; path = "icon144@2x.png"; sourceTree = "<group>"; };
		2F5393DF19874FA1000F98DB /* icon29@2x.png */ = {isa = PBXFileReference; lastKnownFileType = image.png; path = "icon29@2x.png"; sourceTree = "<group>"; };
		2F5393E019874FA1000F98DB /* 订单 2.png */ = {isa = PBXFileReference; lastKnownFileType = image.png; path = "订单 2.png"; sourceTree = "<group>"; };
		2F6E3E06198671F70072BBB9 /* 06.png */ = {isa = PBXFileReference; lastKnownFileType = image.png; path = 06.png; sourceTree = "<group>"; };
		2F6E3E07198671F70072BBB9 /* 1.jpg */ = {isa = PBXFileReference; lastKnownFileType = image.jpeg; path = 1.jpg; sourceTree = "<group>"; };
		2F6E3E08198671F70072BBB9 /* 1.png */ = {isa = PBXFileReference; lastKnownFileType = image.png; path = 1.png; sourceTree = "<group>"; };
		2F6E3E09198671F70072BBB9 /* 2.png */ = {isa = PBXFileReference; lastKnownFileType = image.png; path = 2.png; sourceTree = "<group>"; };
		2F6E3E0A198671F70072BBB9 /* 3.png */ = {isa = PBXFileReference; lastKnownFileType = image.png; path = 3.png; sourceTree = "<group>"; };
		2F6E3E0B198671F70072BBB9 /* 4.png */ = {isa = PBXFileReference; lastKnownFileType = image.png; path = 4.png; sourceTree = "<group>"; };
		2F6E3E0C198671F70072BBB9 /* back@2x.png */ = {isa = PBXFileReference; lastKnownFileType = image.png; path = "back@2x.png"; sourceTree = "<group>"; };
		2F6E3E0D198671F70072BBB9 /* fake_main.png */ = {isa = PBXFileReference; lastKnownFileType = image.png; path = fake_main.png; sourceTree = "<group>"; };
		2F6E3E10198671F70072BBB9 /* icon512@2x.png */ = {isa = PBXFileReference; lastKnownFileType = image.png; path = "icon512@2x.png"; sourceTree = "<group>"; };
		2F6E3E11198671F70072BBB9 /* icon57@2x.png */ = {isa = PBXFileReference; lastKnownFileType = image.png; path = "icon57@2x.png"; sourceTree = "<group>"; };
		2F6E3E12198671F70072BBB9 /* icon58@2x.png */ = {isa = PBXFileReference; lastKnownFileType = image.png; path = "icon58@2x.png"; sourceTree = "<group>"; };
		2F6E3E13198671F70072BBB9 /* icon_location@2x.png */ = {isa = PBXFileReference; lastKnownFileType = image.png; path = "icon_location@2x.png"; sourceTree = "<group>"; };
		2F6E3E14198671F70072BBB9 /* icon_plant@2x.png */ = {isa = PBXFileReference; lastKnownFileType = image.png; path = "icon_plant@2x.png"; sourceTree = "<group>"; };
		2F6E3E15198671F70072BBB9 /* section_1.jpg */ = {isa = PBXFileReference; lastKnownFileType = image.jpeg; path = section_1.jpg; sourceTree = "<group>"; };
		2F6E3E16198671F70072BBB9 /* section_2.jpg */ = {isa = PBXFileReference; lastKnownFileType = image.jpeg; path = section_2.jpg; sourceTree = "<group>"; };
		2F6E3E17198671F70072BBB9 /* section_3.jpg */ = {isa = PBXFileReference; lastKnownFileType = image.jpeg; path = section_3.jpg; sourceTree = "<group>"; };
		2F6E3E18198671F70072BBB9 /* section_4.jpg */ = {isa = PBXFileReference; lastKnownFileType = image.jpeg; path = section_4.jpg; sourceTree = "<group>"; };
		2F6E3E19198671F70072BBB9 /* traffic_airport@2x.png */ = {isa = PBXFileReference; lastKnownFileType = image.png; path = "traffic_airport@2x.png"; sourceTree = "<group>"; };
		2F6E3E1A198671F70072BBB9 /* Wifi.png */ = {isa = PBXFileReference; lastKnownFileType = image.png; path = Wifi.png; sourceTree = "<group>"; };
		2F6E3E1B198671F70072BBB9 /* 价格.png */ = {isa = PBXFileReference; lastKnownFileType = image.png; path = "价格.png"; sourceTree = "<group>"; };
		2F6E3E1C198671F70072BBB9 /* 司机信息.png */ = {isa = PBXFileReference; lastKnownFileType = image.png; path = "司机信息.png"; sourceTree = "<group>"; };
		2F6E3E1D198671F70072BBB9 /* 填写接机_进入.png */ = {isa = PBXFileReference; lastKnownFileType = image.png; path = "填写接机_进入.png"; sourceTree = "<group>"; };
		2F6E3E1E198671F70072BBB9 /* 我的_normal.png */ = {isa = PBXFileReference; lastKnownFileType = image.png; path = "我的_normal.png"; sourceTree = "<group>"; };
		2F6E3E1F198671F70072BBB9 /* 我的_pressed.png */ = {isa = PBXFileReference; lastKnownFileType = image.png; path = "我的_pressed.png"; sourceTree = "<group>"; };
		2F6E3E20198671F70072BBB9 /* 提示.png */ = {isa = PBXFileReference; lastKnownFileType = image.png; path = "提示.png"; sourceTree = "<group>"; };
		2F6E3E21198671F70072BBB9 /* 查看路线.png */ = {isa = PBXFileReference; lastKnownFileType = image.png; path = "查看路线.png"; sourceTree = "<group>"; };
		2F6E3E22198671F70072BBB9 /* 步行去乘车点.png */ = {isa = PBXFileReference; lastKnownFileType = image.png; path = "步行去乘车点.png"; sourceTree = "<group>"; };
		2F6E3E23198671F70072BBB9 /* 约车_normal.png */ = {isa = PBXFileReference; lastKnownFileType = image.png; path = "约车_normal.png"; sourceTree = "<group>"; };
		2F6E3E24198671F70072BBB9 /* 约车_perssed.png */ = {isa = PBXFileReference; lastKnownFileType = image.png; path = "约车_perssed.png"; sourceTree = "<group>"; };
		2F6E3E25198671F70072BBB9 /* 终.png */ = {isa = PBXFileReference; lastKnownFileType = image.png; path = "终.png"; sourceTree = "<group>"; };
		2F6E3E26198671F70072BBB9 /* 货柜_normal.png */ = {isa = PBXFileReference; lastKnownFileType = image.png; path = "货柜_normal.png"; sourceTree = "<group>"; };
		2F6E3E27198671F70072BBB9 /* 货柜_pressed.png */ = {isa = PBXFileReference; lastKnownFileType = image.png; path = "货柜_pressed.png"; sourceTree = "<group>"; };
		2F6E3E28198671F70072BBB9 /* 购物车.png */ = {isa = PBXFileReference; lastKnownFileType = image.png; path = "购物车.png"; sourceTree = "<group>"; };
		2F6E3E29198671F70072BBB9 /* 起.png */ = {isa = PBXFileReference; lastKnownFileType = image.png; path = "起.png"; sourceTree = "<group>"; };
		2F6E3E2A198671F70072BBB9 /* 车上货柜，头部信息.png */ = {isa = PBXFileReference; lastKnownFileType = image.png; path = "车上货柜，头部信息.png"; sourceTree = "<group>"; };
		2F6E3E2B198671F70072BBB9 /* 进入.png */ = {isa = PBXFileReference; lastKnownFileType = image.png; path = "进入.png"; sourceTree = "<group>"; };
		2F6E3E2C198671F70072BBB9 /* 进入@2x.png */ = {isa = PBXFileReference; lastKnownFileType = image.png; path = "进入@2x.png"; sourceTree = "<group>"; };
		2F6E3E2D198671F70072BBB9 /* 退税_normal.png */ = {isa = PBXFileReference; lastKnownFileType = image.png; path = "退税_normal.png"; sourceTree = "<group>"; };
		2F6E3E2E198671F70072BBB9 /* 退税_pressed.png */ = {isa = PBXFileReference; lastKnownFileType = image.png; path = "退税_pressed.png"; sourceTree = "<group>"; };
		2F6E3E2F198671F70072BBB9 /* 选择.png */ = {isa = PBXFileReference; lastKnownFileType = image.png; path = "选择.png"; sourceTree = "<group>"; };
		2F6E3E30198671F70072BBB9 /* 选择对勾.png */ = {isa = PBXFileReference; lastKnownFileType = image.png; path = "选择对勾.png"; sourceTree = "<group>"; };
		2F6E3E31198671F70072BBB9 /* 选择接机时间.png */ = {isa = PBXFileReference; lastKnownFileType = image.png; path = "选择接机时间.png"; sourceTree = "<group>"; };
		2F6E3E32198671F70072BBB9 /* 选择航班号.png */ = {isa = PBXFileReference; lastKnownFileType = image.png; path = "选择航班号.png"; sourceTree = "<group>"; };
		2F6E3E33198671F70072BBB9 /* 选择车型.png */ = {isa = PBXFileReference; lastKnownFileType = image.png; path = "选择车型.png"; sourceTree = "<group>"; };
		2F6E3E34198671F70072BBB9 /* 通知.png */ = {isa = PBXFileReference; lastKnownFileType = image.png; path = "通知.png"; sourceTree = "<group>"; };
		2F6E3E35198671F70072BBB9 /* 预约用车.png */ = {isa = PBXFileReference; lastKnownFileType = image.png; path = "预约用车.png"; sourceTree = "<group>"; };
		2F6E3E66198673150072BBB9 /* icon120@2x.png */ = {isa = PBXFileReference; lastKnownFileType = image.png; path = "icon120@2x.png"; sourceTree = "<group>"; };
		2F6E3E67198673150072BBB9 /* icon114@2x.png */ = {isa = PBXFileReference; lastKnownFileType = image.png; path = "icon114@2x.png"; sourceTree = "<group>"; };
		2F6E3E68198673150072BBB9 /* icon80@2x.png */ = {isa = PBXFileReference; lastKnownFileType = image.png; path = "icon80@2x.png"; sourceTree = "<group>"; };
		2F6E3E6C198674DD0072BBB9 /* Images.xcassets */ = {isa = PBXFileReference; lastKnownFileType = folder.assetcatalog; name = Images.xcassets; path = Horde/Images.xcassets; sourceTree = "<group>"; };
		2F74985E19864E3700AE2608 /* RaidVC.h */ = {isa = PBXFileReference; fileEncoding = 4; lastKnownFileType = sourcecode.c.h; path = RaidVC.h; sourceTree = "<group>"; };
		2F74985F19864E3700AE2608 /* RaidVC.m */ = {isa = PBXFileReference; fileEncoding = 4; lastKnownFileType = sourcecode.c.objc; path = RaidVC.m; sourceTree = "<group>"; };
		2F7946DD1987A3C900BC43B8 /* 5.png */ = {isa = PBXFileReference; lastKnownFileType = image.png; path = 5.png; sourceTree = "<group>"; };
		2F7946DE1987A3C900BC43B8 /* 6.png */ = {isa = PBXFileReference; lastKnownFileType = image.png; path = 6.png; sourceTree = "<group>"; };
		2F7946E11987A87300BC43B8 /* 货柜整张.png */ = {isa = PBXFileReference; lastKnownFileType = image.png; path = "货柜整张.png"; sourceTree = "<group>"; };
		2F8C791D197CD0420071297C /* zh-Hans */ = {isa = PBXFileReference; lastKnownFileType = text.plist.strings; name = "zh-Hans"; path = "zh-Hans.lproj/Dungeons.strings"; sourceTree = "<group>"; };
		2F9B64361984F8A1003EF37F /* NSMutableDictionary+Mission.h */ = {isa = PBXFileReference; fileEncoding = 4; lastKnownFileType = sourcecode.c.h; path = "NSMutableDictionary+Mission.h"; sourceTree = "<group>"; };
		2F9B64371984F8A1003EF37F /* NSMutableDictionary+Mission.m */ = {isa = PBXFileReference; fileEncoding = 4; lastKnownFileType = sourcecode.c.objc; path = "NSMutableDictionary+Mission.m"; sourceTree = "<group>"; };
		2F9B6C6D1987C14800ED8936 /* 我的2.png */ = {isa = PBXFileReference; lastKnownFileType = image.png; path = "我的2.png"; sourceTree = "<group>"; };
		2F9B88B819877E3100B94D0A /* 在路上.png */ = {isa = PBXFileReference; lastKnownFileType = image.png; path = "在路上.png"; sourceTree = "<group>"; };
		2F9B88B919877E3100B94D0A /* 已到达.png */ = {isa = PBXFileReference; lastKnownFileType = image.png; path = "已到达.png"; sourceTree = "<group>"; };
		2F9B88BA19877E3100B94D0A /* 未出发.png */ = {isa = PBXFileReference; lastKnownFileType = image.png; path = "未出发.png"; sourceTree = "<group>"; };
		2F9B88BE19877EAF00B94D0A /* 框.png */ = {isa = PBXFileReference; lastKnownFileType = image.png; path = "框.png"; sourceTree = "<group>"; };
		2FB84B72197E75DA002B807F /* TaxiPickingUpOrder.h */ = {isa = PBXFileReference; fileEncoding = 4; lastKnownFileType = sourcecode.c.h; path = TaxiPickingUpOrder.h; sourceTree = "<group>"; };
		2FB84B73197E75DA002B807F /* TaxiPickingUpOrder.m */ = {isa = PBXFileReference; fileEncoding = 4; lastKnownFileType = sourcecode.c.objc; path = TaxiPickingUpOrder.m; sourceTree = "<group>"; };
		2FB84B78197E84DC002B807F /* TaxiPickingUpCompletedVC.h */ = {isa = PBXFileReference; fileEncoding = 4; lastKnownFileType = sourcecode.c.h; path = TaxiPickingUpCompletedVC.h; sourceTree = "<group>"; };
		2FB84B79197E84DC002B807F /* TaxiPickingUpCompletedVC.m */ = {isa = PBXFileReference; fileEncoding = 4; lastKnownFileType = sourcecode.c.objc; path = TaxiPickingUpCompletedVC.m; sourceTree = "<group>"; };
		2FB84B8A197F5AAE002B807F /* DungeonsVC.h */ = {isa = PBXFileReference; fileEncoding = 4; lastKnownFileType = sourcecode.c.h; path = DungeonsVC.h; sourceTree = "<group>"; };
		2FB84B8B197F5AAE002B807F /* DungeonsVC.m */ = {isa = PBXFileReference; fileEncoding = 4; lastKnownFileType = sourcecode.c.objc; path = DungeonsVC.m; sourceTree = "<group>"; };
		2FB84B8C197F5AAE002B807F /* minback@2x.png */ = {isa = PBXFileReference; lastKnownFileType = image.png; path = "minback@2x.png"; sourceTree = "<group>"; };
		2FB84B8D197F5AAE002B807F /* NSBundle+Language.h */ = {isa = PBXFileReference; fileEncoding = 4; lastKnownFileType = sourcecode.c.h; path = "NSBundle+Language.h"; sourceTree = "<group>"; };
		2FB84B8E197F5AAE002B807F /* NSBundle+Language.m */ = {isa = PBXFileReference; fileEncoding = 4; lastKnownFileType = sourcecode.c.objc; path = "NSBundle+Language.m"; sourceTree = "<group>"; };
		2FB84B8F197F5AAE002B807F /* NSMutableDictionary+Request.h */ = {isa = PBXFileReference; fileEncoding = 4; lastKnownFileType = sourcecode.c.h; path = "NSMutableDictionary+Request.h"; sourceTree = "<group>"; };
		2FB84B90197F5AAE002B807F /* NSMutableDictionary+Request.m */ = {isa = PBXFileReference; fileEncoding = 4; lastKnownFileType = sourcecode.c.objc; path = "NSMutableDictionary+Request.m"; sourceTree = "<group>"; };
		2FB84B91197F5AAE002B807F /* NSMutableDictionary+Response.h */ = {isa = PBXFileReference; fileEncoding = 4; lastKnownFileType = sourcecode.c.h; path = "NSMutableDictionary+Response.h"; sourceTree = "<group>"; };
		2FB84B92197F5AAE002B807F /* NSMutableDictionary+Response.m */ = {isa = PBXFileReference; fileEncoding = 4; lastKnownFileType = sourcecode.c.objc; path = "NSMutableDictionary+Response.m"; sourceTree = "<group>"; };
		2FB84B93197F5AAE002B807F /* NSMutableDictionary+Status.h */ = {isa = PBXFileReference; fileEncoding = 4; lastKnownFileType = sourcecode.c.h; path = "NSMutableDictionary+Status.h"; sourceTree = "<group>"; };
		2FB84B94197F5AAE002B807F /* NSMutableDictionary+Status.m */ = {isa = PBXFileReference; fileEncoding = 4; lastKnownFileType = sourcecode.c.objc; path = "NSMutableDictionary+Status.m"; sourceTree = "<group>"; };
		2FB84B95197F5AAE002B807F /* Orgrimar.h */ = {isa = PBXFileReference; fileEncoding = 4; lastKnownFileType = sourcecode.c.h; path = Orgrimar.h; sourceTree = "<group>"; };
		2FB84B96197F5AAE002B807F /* Orgrimar.m */ = {isa = PBXFileReference; fileEncoding = 4; lastKnownFileType = sourcecode.c.objc; path = Orgrimar.m; sourceTree = "<group>"; };
		2FB84B97197F5AAE002B807F /* SoloVC.h */ = {isa = PBXFileReference; fileEncoding = 4; lastKnownFileType = sourcecode.c.h; path = SoloVC.h; sourceTree = "<group>"; };
		2FB84B98197F5AAE002B807F /* SoloVC.m */ = {isa = PBXFileReference; fileEncoding = 4; lastKnownFileType = sourcecode.c.objc; path = SoloVC.m; sourceTree = "<group>"; };
		2FB84B99197F5AAE002B807F /* UIImageView+Util.h */ = {isa = PBXFileReference; fileEncoding = 4; lastKnownFileType = sourcecode.c.h; path = "UIImageView+Util.h"; sourceTree = "<group>"; };
		2FB84B9A197F5AAE002B807F /* UIImageView+Util.m */ = {isa = PBXFileReference; fileEncoding = 4; lastKnownFileType = sourcecode.c.objc; path = "UIImageView+Util.m"; sourceTree = "<group>"; };
		2FB84B9B197F5AAE002B807F /* UILabel+Util.h */ = {isa = PBXFileReference; fileEncoding = 4; lastKnownFileType = sourcecode.c.h; path = "UILabel+Util.h"; sourceTree = "<group>"; };
		2FB84B9C197F5AAE002B807F /* UILabel+Util.m */ = {isa = PBXFileReference; fileEncoding = 4; lastKnownFileType = sourcecode.c.objc; path = "UILabel+Util.m"; sourceTree = "<group>"; };
		2FB84B9D197F5AAE002B807F /* UIView+Util.h */ = {isa = PBXFileReference; fileEncoding = 4; lastKnownFileType = sourcecode.c.h; path = "UIView+Util.h"; sourceTree = "<group>"; };
		2FB84B9E197F5AAE002B807F /* UIView+Util.m */ = {isa = PBXFileReference; fileEncoding = 4; lastKnownFileType = sourcecode.c.objc; path = "UIView+Util.m"; sourceTree = "<group>"; };
		2FB84BAA197F5F4C002B807F /* UIHelper.h */ = {isa = PBXFileReference; fileEncoding = 4; lastKnownFileType = sourcecode.c.h; path = UIHelper.h; sourceTree = "<group>"; };
		2FB84BAB197F5F4C002B807F /* UIHelper.m */ = {isa = PBXFileReference; fileEncoding = 4; lastKnownFileType = sourcecode.c.objc; path = UIHelper.m; sourceTree = "<group>"; };
		2FB84BB0197F6311002B807F /* TaxiOnBoardStorageVC.h */ = {isa = PBXFileReference; fileEncoding = 4; lastKnownFileType = sourcecode.c.h; path = TaxiOnBoardStorageVC.h; sourceTree = "<group>"; };
		2FB84BB1197F6311002B807F /* TaxiOnBoardStorageVC.m */ = {isa = PBXFileReference; fileEncoding = 4; lastKnownFileType = sourcecode.c.objc; path = TaxiOnBoardStorageVC.m; sourceTree = "<group>"; };
		2FB84BB4197F8DA0002B807F /* StorageItemCell.h */ = {isa = PBXFileReference; fileEncoding = 4; lastKnownFileType = sourcecode.c.h; path = StorageItemCell.h; sourceTree = "<group>"; };
		2FB84BB5197F8DA0002B807F /* StorageItemCell.m */ = {isa = PBXFileReference; fileEncoding = 4; lastKnownFileType = sourcecode.c.objc; path = StorageItemCell.m; sourceTree = "<group>"; };
		2FB84BB7197F8E07002B807F /* NSMutableDictionary+StorageItem.h */ = {isa = PBXFileReference; fileEncoding = 4; lastKnownFileType = sourcecode.c.h; path = "NSMutableDictionary+StorageItem.h"; sourceTree = "<group>"; };
		2FB84BB8197F8E07002B807F /* NSMutableDictionary+StorageItem.m */ = {isa = PBXFileReference; fileEncoding = 4; lastKnownFileType = sourcecode.c.objc; path = "NSMutableDictionary+StorageItem.m"; sourceTree = "<group>"; };
		2FB84BC2197FD1B9002B807F /* StorageItemSectionView.h */ = {isa = PBXFileReference; fileEncoding = 4; lastKnownFileType = sourcecode.c.h; path = StorageItemSectionView.h; sourceTree = "<group>"; };
		2FB84BC3197FD1B9002B807F /* StorageItemSectionView.m */ = {isa = PBXFileReference; fileEncoding = 4; lastKnownFileType = sourcecode.c.objc; path = StorageItemSectionView.m; sourceTree = "<group>"; };
		2FB84BC5197FDF90002B807F /* NSMutableDictionary+Driver.h */ = {isa = PBXFileReference; fileEncoding = 4; lastKnownFileType = sourcecode.c.h; path = "NSMutableDictionary+Driver.h"; sourceTree = "<group>"; };
		2FB84BC6197FDF90002B807F /* NSMutableDictionary+Driver.m */ = {isa = PBXFileReference; fileEncoding = 4; lastKnownFileType = sourcecode.c.objc; path = "NSMutableDictionary+Driver.m"; sourceTree = "<group>"; };
		2FB84BC81980A8A2002B807F /* NSMutableDictionary+OrderDetail.h */ = {isa = PBXFileReference; fileEncoding = 4; lastKnownFileType = sourcecode.c.h; path = "NSMutableDictionary+OrderDetail.h"; sourceTree = "<group>"; };
		2FB84BC91980A8A2002B807F /* NSMutableDictionary+OrderDetail.m */ = {isa = PBXFileReference; fileEncoding = 4; lastKnownFileType = sourcecode.c.objc; path = "NSMutableDictionary+OrderDetail.m"; sourceTree = "<group>"; };
		2FBA0D85197D04F000B8C280 /* NSMutableDictionary+Flight.h */ = {isa = PBXFileReference; fileEncoding = 4; lastKnownFileType = sourcecode.c.h; path = "NSMutableDictionary+Flight.h"; sourceTree = "<group>"; };
		2FBA0D86197D04F000B8C280 /* NSMutableDictionary+Flight.m */ = {isa = PBXFileReference; fileEncoding = 4; lastKnownFileType = sourcecode.c.objc; path = "NSMutableDictionary+Flight.m"; sourceTree = "<group>"; };
/* End PBXFileReference section */

/* Begin PBXFrameworksBuildPhase section */
		2F50284B1977DD420052F818 /* Frameworks */ = {
			isa = PBXFrameworksBuildPhase;
			buildActionMask = 2147483647;
			files = (
				2F5028541977DD420052F818 /* CoreGraphics.framework in Frameworks */,
				2F5028561977DD420052F818 /* UIKit.framework in Frameworks */,
				2F5028521977DD420052F818 /* Foundation.framework in Frameworks */,
			);
			runOnlyForDeploymentPostprocessing = 0;
		};
		2F50286C1977DD430052F818 /* Frameworks */ = {
			isa = PBXFrameworksBuildPhase;
			buildActionMask = 2147483647;
			files = (
				2F5028711977DD430052F818 /* XCTest.framework in Frameworks */,
				2F5028731977DD430052F818 /* UIKit.framework in Frameworks */,
				2F5028721977DD430052F818 /* Foundation.framework in Frameworks */,
			);
			runOnlyForDeploymentPostprocessing = 0;
		};
/* End PBXFrameworksBuildPhase section */

/* Begin PBXGroup section */
		2F1C60021979E830004D3C2A /* Service */ = {
			isa = PBXGroup;
			children = (
				2F1C60031979F285004D3C2A /* TheDarkPortal.h */,
				2F1C60041979F285004D3C2A /* TheDarkPortal.m */,
			);
			name = Service;
			sourceTree = "<group>";
		};
		2F1C6006197A94F8004D3C2A /* Service+bean */ = {
			isa = PBXGroup;
			children = (
				2F9B64361984F8A1003EF37F /* NSMutableDictionary+Mission.h */,
				2F9B64371984F8A1003EF37F /* NSMutableDictionary+Mission.m */,
				2F1C600D197AA590004D3C2A /* NSMutableDictionary+Weather.h */,
				2F1C600E197AA590004D3C2A /* NSMutableDictionary+Weather.m */,
				2FBA0D85197D04F000B8C280 /* NSMutableDictionary+Flight.h */,
				2FBA0D86197D04F000B8C280 /* NSMutableDictionary+Flight.m */,
				2FB84BB7197F8E07002B807F /* NSMutableDictionary+StorageItem.h */,
				2FB84BB8197F8E07002B807F /* NSMutableDictionary+StorageItem.m */,
				2FB84BC5197FDF90002B807F /* NSMutableDictionary+Driver.h */,
				2FB84BC6197FDF90002B807F /* NSMutableDictionary+Driver.m */,
				2FB84BC81980A8A2002B807F /* NSMutableDictionary+OrderDetail.h */,
				2FB84BC91980A8A2002B807F /* NSMutableDictionary+OrderDetail.m */,
			);
			name = "Service+bean";
			sourceTree = "<group>";
		};
		2F1C6010197AA85B004D3C2A /* Util */ = {
			isa = PBXGroup;
			children = (
				2F1C6014197AB0FA004D3C2A /* OldCrafty.h */,
				2F1C6015197AB0FA004D3C2A /* OldCrafty.m */,
			);
			name = Util;
			sourceTree = "<group>";
		};
		2F1C601A197ACC6D004D3C2A /* VC+Detail */ = {
			isa = PBXGroup;
			children = (
				2F1C602A197AD501004D3C2A /* TaxiBookingVC.h */,
				2F1C602B197AD501004D3C2A /* TaxiBookingVC.m */,
				2F1C602D197AD50F004D3C2A /* TaxiLookingForVC.h */,
				2F1C602E197AD50F004D3C2A /* TaxiLookingForVC.m */,
				2F1C6030197AD52F004D3C2A /* TaxiPickingUpVC.h */,
				2F1C6031197AD52F004D3C2A /* TaxiPickingUpVC.m */,
				2FB84B72197E75DA002B807F /* TaxiPickingUpOrder.h */,
				2FB84B73197E75DA002B807F /* TaxiPickingUpOrder.m */,
				2FB84B78197E84DC002B807F /* TaxiPickingUpCompletedVC.h */,
				2FB84B79197E84DC002B807F /* TaxiPickingUpCompletedVC.m */,
				2FB84BB0197F6311002B807F /* TaxiOnBoardStorageVC.h */,
				2FB84BB1197F6311002B807F /* TaxiOnBoardStorageVC.m */,
				2F01D1201982742900C840E7 /* TaxiCheckPointVC.h */,
				2F01D1211982742900C840E7 /* TaxiCheckPointVC.m */,
			);
			name = "VC+Detail";
			sourceTree = "<group>";
		};
		2F5028451977DD420052F818 = {
			isa = PBXGroup;
			children = (
				2F6E3E6C198674DD0072BBB9 /* Images.xcassets */,
				2F5028571977DD420052F818 /* Horde */,
				2F5028761977DD430052F818 /* HordeTests */,
				2F5028501977DD420052F818 /* Frameworks */,
				2F50284F1977DD420052F818 /* Products */,
			);
			sourceTree = "<group>";
		};
		2F50284F1977DD420052F818 /* Products */ = {
			isa = PBXGroup;
			children = (
				2F50284E1977DD420052F818 /* Horde.app */,
				2F50286F1977DD430052F818 /* HordeTests.xctest */,
			);
			name = Products;
			sourceTree = "<group>";
		};
		2F5028501977DD420052F818 /* Frameworks */ = {
			isa = PBXGroup;
			children = (
				2F5028511977DD420052F818 /* Foundation.framework */,
				2F5028531977DD420052F818 /* CoreGraphics.framework */,
				2F5028551977DD420052F818 /* UIKit.framework */,
				2F5028701977DD430052F818 /* XCTest.framework */,
			);
			name = Frameworks;
			sourceTree = "<group>";
		};
		2F5028571977DD420052F818 /* Horde */ = {
			isa = PBXGroup;
			children = (
				2F6E3E05198671F70072BBB9 /* images */,
				2FB84BB3197F8C01002B807F /* Cell */,
				2FB84B89197F5AAE002B807F /* Dungeons */,
				2F5028601977DD430052F818 /* AppDelegate.h */,
				2F5028611977DD430052F818 /* AppDelegate.m */,
				2F5028631977DD430052F818 /* Main.storyboard */,
				2F1C60021979E830004D3C2A /* Service */,
				2F1C6006197A94F8004D3C2A /* Service+bean */,
				2F5028581977DD420052F818 /* Supporting Files */,
				2F1C6010197AA85B004D3C2A /* Util */,
				2F5028A71978E31A0052F818 /* VC */,
				2F1C601A197ACC6D004D3C2A /* VC+Detail */,
				2F5028661977DD430052F818 /* ViewController.h */,
				2F5028671977DD430052F818 /* ViewController.m */,
			);
			path = Horde;
			sourceTree = "<group>";
		};
		2F5028581977DD420052F818 /* Supporting Files */ = {
			isa = PBXGroup;
			children = (
				2F5028591977DD420052F818 /* Horde-Info.plist */,
				2F50285D1977DD430052F818 /* main.m */,
				2F50285F1977DD430052F818 /* Horde-Prefix.pch */,
				2F8C791C197CCF3A0071297C /* Dungeons.strings */,
			);
			name = "Supporting Files";
			sourceTree = "<group>";
		};
		2F5028761977DD430052F818 /* HordeTests */ = {
			isa = PBXGroup;
			children = (
				2F50287C1977DD430052F818 /* HordeTests.m */,
				2F5028771977DD430052F818 /* Supporting Files */,
			);
			path = HordeTests;
			sourceTree = "<group>";
		};
		2F5028771977DD430052F818 /* Supporting Files */ = {
			isa = PBXGroup;
			children = (
				2F5028781977DD430052F818 /* HordeTests-Info.plist */,
			);
			name = "Supporting Files";
			sourceTree = "<group>";
		};
		2F5028A71978E31A0052F818 /* VC */ = {
			isa = PBXGroup;
			children = (
				2F1C604A197BACD0004D3C2A /* ArachnidQuarterVC.h */,
				2F1C604B197BACD0004D3C2A /* ArachnidQuarterVC.m */,
				2F1C604C197BACD0004D3C2A /* ConstructQuarterVC.h */,
				2F1C604D197BACD0004D3C2A /* ConstructQuarterVC.m */,
				2F1C6050197BACD0004D3C2A /* FrostwyrmLairVC.h */,
				2F1C6051197BACD0004D3C2A /* FrostwyrmLairVC.m */,
				2F1C6052197BACD0004D3C2A /* MilitaryQuarterVC.h */,
				2F1C6053197BACD0004D3C2A /* MilitaryQuarterVC.m */,
				2F1C6054197BACD0004D3C2A /* NaxxramasVC.h */,
				2F1C6055197BACD0004D3C2A /* NaxxramasVC.m */,
				2F1C6056197BACD0004D3C2A /* OrgrimarVC.h */,
				2F1C6057197BACD0004D3C2A /* OrgrimarVC.m */,
				2F1C6058197BACD0004D3C2A /* PlagueQuarterVC.h */,
				2F1C6059197BACD0004D3C2A /* PlagueQuarterVC.m */,
				2F1C605A197BACD0004D3C2A /* PlaneToHotelVC.h */,
				2F1C605B197BACD0004D3C2A /* PlaneToHotelVC.m */,
			);
			name = VC;
			sourceTree = "<group>";
		};
		2F6E3E05198671F70072BBB9 /* images */ = {
			isa = PBXGroup;
			children = (
				2F9B6C6D1987C14800ED8936 /* 我的2.png */,
				2F7946E11987A87300BC43B8 /* 货柜整张.png */,
				2F9B88BE19877EAF00B94D0A /* 框.png */,
				2F7946DD1987A3C900BC43B8 /* 5.png */,
				2F7946DE1987A3C900BC43B8 /* 6.png */,
				2F9B88B819877E3100B94D0A /* 在路上.png */,
				2F9B88B919877E3100B94D0A /* 已到达.png */,
				2F9B88BA19877E3100B94D0A /* 未出发.png */,
				2F5393DE19874FA1000F98DB /* icon144@2x.png */,
				2F5393DF19874FA1000F98DB /* icon29@2x.png */,
				2F5393E019874FA1000F98DB /* 订单 2.png */,
				2F6E3E06198671F70072BBB9 /* 06.png */,
				2F6E3E07198671F70072BBB9 /* 1.jpg */,
				2F6E3E08198671F70072BBB9 /* 1.png */,
				2F6E3E09198671F70072BBB9 /* 2.png */,
				2F6E3E0A198671F70072BBB9 /* 3.png */,
				2F6E3E0B198671F70072BBB9 /* 4.png */,
				2F6E3E0C198671F70072BBB9 /* back@2x.png */,
				2F6E3E0D198671F70072BBB9 /* fake_main.png */,
				2F6E3E67198673150072BBB9 /* icon114@2x.png */,
				2F6E3E66198673150072BBB9 /* icon120@2x.png */,
				2F6E3E10198671F70072BBB9 /* icon512@2x.png */,
				2F6E3E11198671F70072BBB9 /* icon57@2x.png */,
				2F6E3E12198671F70072BBB9 /* icon58@2x.png */,
				2F6E3E68198673150072BBB9 /* icon80@2x.png */,
				2F6E3E13198671F70072BBB9 /* icon_location@2x.png */,
				2F6E3E14198671F70072BBB9 /* icon_plant@2x.png */,
				2F6E3E15198671F70072BBB9 /* section_1.jpg */,
				2F6E3E16198671F70072BBB9 /* section_2.jpg */,
				2F6E3E17198671F70072BBB9 /* section_3.jpg */,
				2F6E3E18198671F70072BBB9 /* section_4.jpg */,
				2F6E3E19198671F70072BBB9 /* traffic_airport@2x.png */,
				2F6E3E1A198671F70072BBB9 /* Wifi.png */,
				2F6E3E1B198671F70072BBB9 /* 价格.png */,
				2F6E3E1C198671F70072BBB9 /* 司机信息.png */,
				2F6E3E1D198671F70072BBB9 /* 填写接机_进入.png */,
				2F6E3E1E198671F70072BBB9 /* 我的_normal.png */,
				2F6E3E1F198671F70072BBB9 /* 我的_pressed.png */,
				2F6E3E20198671F70072BBB9 /* 提示.png */,
				2F6E3E21198671F70072BBB9 /* 查看路线.png */,
				2F6E3E22198671F70072BBB9 /* 步行去乘车点.png */,
				2F6E3E23198671F70072BBB9 /* 约车_normal.png */,
				2F6E3E24198671F70072BBB9 /* 约车_perssed.png */,
				2F6E3E25198671F70072BBB9 /* 终.png */,
				2F6E3E26198671F70072BBB9 /* 货柜_normal.png */,
				2F6E3E27198671F70072BBB9 /* 货柜_pressed.png */,
				2F6E3E28198671F70072BBB9 /* 购物车.png */,
				2F6E3E29198671F70072BBB9 /* 起.png */,
				2F6E3E2A198671F70072BBB9 /* 车上货柜，头部信息.png */,
				2F6E3E2B198671F70072BBB9 /* 进入.png */,
				2F6E3E2C198671F70072BBB9 /* 进入@2x.png */,
				2F6E3E2D198671F70072BBB9 /* 退税_normal.png */,
				2F6E3E2E198671F70072BBB9 /* 退税_pressed.png */,
				2F6E3E2F198671F70072BBB9 /* 选择.png */,
				2F6E3E30198671F70072BBB9 /* 选择对勾.png */,
				2F6E3E31198671F70072BBB9 /* 选择接机时间.png */,
				2F6E3E32198671F70072BBB9 /* 选择航班号.png */,
				2F6E3E33198671F70072BBB9 /* 选择车型.png */,
				2F6E3E34198671F70072BBB9 /* 通知.png */,
				2F6E3E35198671F70072BBB9 /* 预约用车.png */,
			);
			path = images;
			sourceTree = "<group>";
		};
		2FB84B89197F5AAE002B807F /* Dungeons */ = {
			isa = PBXGroup;
			children = (
				2FB84B8A197F5AAE002B807F /* DungeonsVC.h */,
				2FB84B8B197F5AAE002B807F /* DungeonsVC.m */,
				2FB84B8C197F5AAE002B807F /* minback@2x.png */,
				2FB84B8D197F5AAE002B807F /* NSBundle+Language.h */,
				2FB84B8E197F5AAE002B807F /* NSBundle+Language.m */,
				2FB84B8F197F5AAE002B807F /* NSMutableDictionary+Request.h */,
				2FB84B90197F5AAE002B807F /* NSMutableDictionary+Request.m */,
				2FB84B91197F5AAE002B807F /* NSMutableDictionary+Response.h */,
				2FB84B92197F5AAE002B807F /* NSMutableDictionary+Response.m */,
				2FB84B93197F5AAE002B807F /* NSMutableDictionary+Status.h */,
				2FB84B94197F5AAE002B807F /* NSMutableDictionary+Status.m */,
				2FB84B95197F5AAE002B807F /* Orgrimar.h */,
				2FB84B96197F5AAE002B807F /* Orgrimar.m */,
				2FB84B97197F5AAE002B807F /* SoloVC.h */,
				2FB84B98197F5AAE002B807F /* SoloVC.m */,
				2FB84B99197F5AAE002B807F /* UIImageView+Util.h */,
				2FB84B9A197F5AAE002B807F /* UIImageView+Util.m */,
				2FB84B9B197F5AAE002B807F /* UILabel+Util.h */,
				2FB84B9C197F5AAE002B807F /* UILabel+Util.m */,
				2FB84B9D197F5AAE002B807F /* UIView+Util.h */,
				2FB84B9E197F5AAE002B807F /* UIView+Util.m */,
				2FB84BAA197F5F4C002B807F /* UIHelper.h */,
				2FB84BAB197F5F4C002B807F /* UIHelper.m */,
				2F74985E19864E3700AE2608 /* RaidVC.h */,
				2F74985F19864E3700AE2608 /* RaidVC.m */,
			);
			path = Dungeons;
			sourceTree = "<group>";
		};
		2FB84BB3197F8C01002B807F /* Cell */ = {
			isa = PBXGroup;
			children = (
				2FB84BB4197F8DA0002B807F /* StorageItemCell.h */,
				2FB84BB5197F8DA0002B807F /* StorageItemCell.m */,
				2FB84BC2197FD1B9002B807F /* StorageItemSectionView.h */,
				2FB84BC3197FD1B9002B807F /* StorageItemSectionView.m */,
			);
			name = Cell;
			sourceTree = "<group>";
		};
/* End PBXGroup section */

/* Begin PBXNativeTarget section */
		2F50284D1977DD420052F818 /* Horde */ = {
			isa = PBXNativeTarget;
			buildConfigurationList = 2F5028801977DD430052F818 /* Build configuration list for PBXNativeTarget "Horde" */;
			buildPhases = (
				2F50284A1977DD420052F818 /* Sources */,
				2F50284B1977DD420052F818 /* Frameworks */,
				2F50284C1977DD420052F818 /* Resources */,
			);
			buildRules = (
			);
			dependencies = (
			);
			name = Horde;
			productName = Horde;
			productReference = 2F50284E1977DD420052F818 /* Horde.app */;
			productType = "com.apple.product-type.application";
		};
		2F50286E1977DD430052F818 /* HordeTests */ = {
			isa = PBXNativeTarget;
			buildConfigurationList = 2F5028831977DD430052F818 /* Build configuration list for PBXNativeTarget "HordeTests" */;
			buildPhases = (
				2F50286B1977DD430052F818 /* Sources */,
				2F50286C1977DD430052F818 /* Frameworks */,
				2F50286D1977DD430052F818 /* Resources */,
			);
			buildRules = (
			);
			dependencies = (
				2F5028751977DD430052F818 /* PBXTargetDependency */,
			);
			name = HordeTests;
			productName = HordeTests;
			productReference = 2F50286F1977DD430052F818 /* HordeTests.xctest */;
			productType = "com.apple.product-type.bundle.unit-test";
		};
/* End PBXNativeTarget section */

/* Begin PBXProject section */
		2F5028461977DD420052F818 /* Project object */ = {
			isa = PBXProject;
			attributes = {
				LastUpgradeCheck = 0510;
				ORGANIZATIONNAME = Bwl;
				TargetAttributes = {
					2F50286E1977DD430052F818 = {
						TestTargetID = 2F50284D1977DD420052F818;
					};
				};
			};
			buildConfigurationList = 2F5028491977DD420052F818 /* Build configuration list for PBXProject "Horde" */;
			compatibilityVersion = "Xcode 3.2";
			developmentRegion = English;
			hasScannedForEncodings = 0;
			knownRegions = (
				en,
				Base,
				"zh-Hans",
			);
			mainGroup = 2F5028451977DD420052F818;
			productRefGroup = 2F50284F1977DD420052F818 /* Products */;
			projectDirPath = "";
			projectRoot = "";
			targets = (
				2F50284D1977DD420052F818 /* Horde */,
				2F50286E1977DD430052F818 /* HordeTests */,
			);
		};
/* End PBXProject section */

/* Begin PBXResourcesBuildPhase section */
		2F50284C1977DD420052F818 /* Resources */ = {
			isa = PBXResourcesBuildPhase;
			buildActionMask = 2147483647;
			files = (
				2F6E3E55198671F70072BBB9 /* 终.png in Resources */,
				2F9B6C6E1987C14800ED8936 /* 我的2.png in Resources */,
				2F6E3E4B198671F70072BBB9 /* 价格.png in Resources */,
				2F6E3E40198671F70072BBB9 /* icon512@2x.png in Resources */,
				2F6E3E3C198671F70072BBB9 /* back@2x.png in Resources */,
				2F6E3E64198671F70072BBB9 /* 通知.png in Resources */,
				2F6E3E36198671F70072BBB9 /* 06.png in Resources */,
				2F6E3E60198671F70072BBB9 /* 选择对勾.png in Resources */,
				2F6E3E5B198671F70072BBB9 /* 进入.png in Resources */,
				2F6E3E50198671F70072BBB9 /* 提示.png in Resources */,
				2F6E3E63198671F70072BBB9 /* 选择车型.png in Resources */,
				2F6E3E61198671F70072BBB9 /* 选择接机时间.png in Resources */,
				2FB84BA0197F5AAE002B807F /* minback@2x.png in Resources */,
				2F6E3E42198671F70072BBB9 /* icon58@2x.png in Resources */,
				2F9B88BD19877E3100B94D0A /* 未出发.png in Resources */,
				2F6E3E46198671F70072BBB9 /* section_2.jpg in Resources */,
				2F6E3E6A198673150072BBB9 /* icon114@2x.png in Resources */,
				2F6E3E53198671F70072BBB9 /* 约车_normal.png in Resources */,
				2F6E3E45198671F70072BBB9 /* section_1.jpg in Resources */,
				2F6E3E4A198671F70072BBB9 /* Wifi.png in Resources */,
				2F9B88BC19877E3100B94D0A /* 已到达.png in Resources */,
				2F6E3E39198671F70072BBB9 /* 2.png in Resources */,
				2F6E3E5D198671F70072BBB9 /* 退税_normal.png in Resources */,
				2F6E3E4C198671F70072BBB9 /* 司机信息.png in Resources */,
				2F6E3E69198673150072BBB9 /* icon120@2x.png in Resources */,
				2F6E3E43198671F70072BBB9 /* icon_location@2x.png in Resources */,
				2F6E3E5C198671F70072BBB9 /* 进入@2x.png in Resources */,
				2F6E3E3A198671F70072BBB9 /* 3.png in Resources */,
				2F6E3E4F198671F70072BBB9 /* 我的_pressed.png in Resources */,
				2F6E3E37198671F70072BBB9 /* 1.jpg in Resources */,
				2F7946DF1987A3C900BC43B8 /* 5.png in Resources */,
				2F6E3E6D198674DD0072BBB9 /* Images.xcassets in Resources */,
				2F5393E219874FA1000F98DB /* icon29@2x.png in Resources */,
				2F6E3E48198671F70072BBB9 /* section_4.jpg in Resources */,
				2F6E3E3D198671F70072BBB9 /* fake_main.png in Resources */,
				2F8C791A197CCF3A0071297C /* Dungeons.strings in Resources */,
				2F6E3E62198671F70072BBB9 /* 选择航班号.png in Resources */,
				2F5028651977DD430052F818 /* Main.storyboard in Resources */,
				2F5393E119874FA1000F98DB /* icon144@2x.png in Resources */,
				2F6E3E4D198671F70072BBB9 /* 填写接机_进入.png in Resources */,
				2F6E3E4E198671F70072BBB9 /* 我的_normal.png in Resources */,
				2F6E3E3B198671F70072BBB9 /* 4.png in Resources */,
				2F6E3E52198671F70072BBB9 /* 步行去乘车点.png in Resources */,
				2F6E3E5E198671F70072BBB9 /* 退税_pressed.png in Resources */,
				2F6E3E51198671F70072BBB9 /* 查看路线.png in Resources */,
				2F7946E01987A3C900BC43B8 /* 6.png in Resources */,
				2F6E3E49198671F70072BBB9 /* traffic_airport@2x.png in Resources */,
				2F6E3E58198671F70072BBB9 /* 购物车.png in Resources */,
				2F6E3E44198671F70072BBB9 /* icon_plant@2x.png in Resources */,
				2F6E3E5F198671F70072BBB9 /* 选择.png in Resources */,
				2F6E3E65198671F70072BBB9 /* 预约用车.png in Resources */,
				2F6E3E56198671F70072BBB9 /* 货柜_normal.png in Resources */,
				2F6E3E57198671F70072BBB9 /* 货柜_pressed.png in Resources */,
				2F6E3E6B198673150072BBB9 /* icon80@2x.png in Resources */,
				2F7946E21987A87300BC43B8 /* 货柜整张.png in Resources */,
				2F6E3E54198671F70072BBB9 /* 约车_perssed.png in Resources */,
				2F6E3E47198671F70072BBB9 /* section_3.jpg in Resources */,
				2F6E3E38198671F70072BBB9 /* 1.png in Resources */,
				2F9B88BF19877EAF00B94D0A /* 框.png in Resources */,
				2F5393E319874FA1000F98DB /* 订单 2.png in Resources */,
				2F6E3E5A198671F70072BBB9 /* 车上货柜，头部信息.png in Resources */,
				2F9B88BB19877E3100B94D0A /* 在路上.png in Resources */,
				2F6E3E41198671F70072BBB9 /* icon57@2x.png in Resources */,
				2F6E3E59198671F70072BBB9 /* 起.png in Resources */,
			);
			runOnlyForDeploymentPostprocessing = 0;
		};
		2F50286D1977DD430052F818 /* Resources */ = {
			isa = PBXResourcesBuildPhase;
			buildActionMask = 2147483647;
			files = (
			);
			runOnlyForDeploymentPostprocessing = 0;
		};
/* End PBXResourcesBuildPhase section */

/* Begin PBXSourcesBuildPhase section */
		2F50284A1977DD420052F818 /* Sources */ = {
			isa = PBXSourcesBuildPhase;
			buildActionMask = 2147483647;
			files = (
				2FB84BB6197F8DA0002B807F /* StorageItemCell.m in Sources */,
				2F5028681977DD430052F818 /* ViewController.m in Sources */,
				2F1C6061197BACD0004D3C2A /* ConstructQuarterVC.m in Sources */,
				2FB84BC4197FD1B9002B807F /* StorageItemSectionView.m in Sources */,
				2FB84BB9197F8E07002B807F /* NSMutableDictionary+StorageItem.m in Sources */,
				2FB84BA8197F5AAE002B807F /* UILabel+Util.m in Sources */,
				2FB84BAC197F5F4C002B807F /* UIHelper.m in Sources */,
				2FB84BA1197F5AAE002B807F /* NSBundle+Language.m in Sources */,
				2F1C600F197AA590004D3C2A /* NSMutableDictionary+Weather.m in Sources */,
				2FB84BB2197F6311002B807F /* TaxiOnBoardStorageVC.m in Sources */,
				2F1C6066197BACD0004D3C2A /* OrgrimarVC.m in Sources */,
				2F5028621977DD430052F818 /* AppDelegate.m in Sources */,
				2FBA0D87197D04F000B8C280 /* NSMutableDictionary+Flight.m in Sources */,
				2F1C6060197BACD0004D3C2A /* ArachnidQuarterVC.m in Sources */,
				2FB84B9F197F5AAE002B807F /* DungeonsVC.m in Sources */,
				2F1C6064197BACD0004D3C2A /* MilitaryQuarterVC.m in Sources */,
				2F1C602C197AD501004D3C2A /* TaxiBookingVC.m in Sources */,
				2F1C6065197BACD0004D3C2A /* NaxxramasVC.m in Sources */,
				2FB84B7A197E84DC002B807F /* TaxiPickingUpCompletedVC.m in Sources */,
				2FB84BA7197F5AAE002B807F /* UIImageView+Util.m in Sources */,
				2F50285E1977DD430052F818 /* main.m in Sources */,
				2F1C6032197AD52F004D3C2A /* TaxiPickingUpVC.m in Sources */,
				2F1C6068197BACD0004D3C2A /* PlaneToHotelVC.m in Sources */,
				2FB84BC7197FDF90002B807F /* NSMutableDictionary+Driver.m in Sources */,
				2F9B64381984F8A1003EF37F /* NSMutableDictionary+Mission.m in Sources */,
				2F01D1221982742900C840E7 /* TaxiCheckPointVC.m in Sources */,
				2FB84BA5197F5AAE002B807F /* Orgrimar.m in Sources */,
				2FB84BCA1980A8A2002B807F /* NSMutableDictionary+OrderDetail.m in Sources */,
				2F74986019864E3700AE2608 /* RaidVC.m in Sources */,
				2F1C6063197BACD0004D3C2A /* FrostwyrmLairVC.m in Sources */,
				2F1C602F197AD50F004D3C2A /* TaxiLookingForVC.m in Sources */,
				2FB84B74197E75DA002B807F /* TaxiPickingUpOrder.m in Sources */,
				2FB84BA6197F5AAE002B807F /* SoloVC.m in Sources */,
				2FB84BA3197F5AAE002B807F /* NSMutableDictionary+Response.m in Sources */,
				2F1C6067197BACD0004D3C2A /* PlagueQuarterVC.m in Sources */,
				2FB84BA2197F5AAE002B807F /* NSMutableDictionary+Request.m in Sources */,
				2FB84BA4197F5AAE002B807F /* NSMutableDictionary+Status.m in Sources */,
				2F1C60051979F285004D3C2A /* TheDarkPortal.m in Sources */,
				2FB84BA9197F5AAE002B807F /* UIView+Util.m in Sources */,
				2F1C6016197AB0FA004D3C2A /* OldCrafty.m in Sources */,
			);
			runOnlyForDeploymentPostprocessing = 0;
		};
		2F50286B1977DD430052F818 /* Sources */ = {
			isa = PBXSourcesBuildPhase;
			buildActionMask = 2147483647;
			files = (
				2F50287D1977DD430052F818 /* HordeTests.m in Sources */,
			);
			runOnlyForDeploymentPostprocessing = 0;
		};
/* End PBXSourcesBuildPhase section */

/* Begin PBXTargetDependency section */
		2F5028751977DD430052F818 /* PBXTargetDependency */ = {
			isa = PBXTargetDependency;
			target = 2F50284D1977DD420052F818 /* Horde */;
			targetProxy = 2F5028741977DD430052F818 /* PBXContainerItemProxy */;
		};
/* End PBXTargetDependency section */

/* Begin PBXVariantGroup section */
		2F5028631977DD430052F818 /* Main.storyboard */ = {
			isa = PBXVariantGroup;
			children = (
				2F5028641977DD430052F818 /* Base */,
			);
			name = Main.storyboard;
			sourceTree = "<group>";
		};
		2F8C791C197CCF3A0071297C /* Dungeons.strings */ = {
			isa = PBXVariantGroup;
			children = (
				2F8C791D197CD0420071297C /* zh-Hans */,
			);
			name = Dungeons.strings;
			sourceTree = "<group>";
		};
/* End PBXVariantGroup section */

/* Begin XCBuildConfiguration section */
		2F50287E1977DD430052F818 /* Debug */ = {
			isa = XCBuildConfiguration;
			buildSettings = {
				ALWAYS_SEARCH_USER_PATHS = NO;
				CLANG_CXX_LANGUAGE_STANDARD = "gnu++0x";
				CLANG_CXX_LIBRARY = "libc++";
				CLANG_ENABLE_MODULES = YES;
				CLANG_ENABLE_OBJC_ARC = YES;
				CLANG_WARN_BOOL_CONVERSION = YES;
				CLANG_WARN_CONSTANT_CONVERSION = YES;
				CLANG_WARN_DIRECT_OBJC_ISA_USAGE = YES_ERROR;
				CLANG_WARN_EMPTY_BODY = YES;
				CLANG_WARN_ENUM_CONVERSION = YES;
				CLANG_WARN_INT_CONVERSION = YES;
				CLANG_WARN_OBJC_ROOT_CLASS = YES_ERROR;
				CLANG_WARN__DUPLICATE_METHOD_MATCH = YES;
				CODE_SIGN_IDENTITY = "iPhone Developer";
				"CODE_SIGN_IDENTITY[sdk=iphoneos*]" = "iPhone Developer";
				COPY_PHASE_STRIP = NO;
				GCC_C_LANGUAGE_STANDARD = gnu99;
				GCC_DYNAMIC_NO_PIC = NO;
				GCC_OPTIMIZATION_LEVEL = 0;
				GCC_PREPROCESSOR_DEFINITIONS = (
					"DEBUG=1",
					"$(inherited)",
				);
				GCC_SYMBOLS_PRIVATE_EXTERN = NO;
				GCC_WARN_64_TO_32_BIT_CONVERSION = YES;
				GCC_WARN_ABOUT_RETURN_TYPE = YES_ERROR;
				GCC_WARN_UNDECLARED_SELECTOR = YES;
				GCC_WARN_UNINITIALIZED_AUTOS = YES_AGGRESSIVE;
				GCC_WARN_UNUSED_FUNCTION = YES;
				GCC_WARN_UNUSED_VARIABLE = YES;
				IPHONEOS_DEPLOYMENT_TARGET = 7.1;
				ONLY_ACTIVE_ARCH = YES;
				SDKROOT = iphoneos;
			};
			name = Debug;
		};
		2F50287F1977DD430052F818 /* Release */ = {
			isa = XCBuildConfiguration;
			buildSettings = {
				ALWAYS_SEARCH_USER_PATHS = NO;
				CLANG_CXX_LANGUAGE_STANDARD = "gnu++0x";
				CLANG_CXX_LIBRARY = "libc++";
				CLANG_ENABLE_MODULES = YES;
				CLANG_ENABLE_OBJC_ARC = YES;
				CLANG_WARN_BOOL_CONVERSION = YES;
				CLANG_WARN_CONSTANT_CONVERSION = YES;
				CLANG_WARN_DIRECT_OBJC_ISA_USAGE = YES_ERROR;
				CLANG_WARN_EMPTY_BODY = YES;
				CLANG_WARN_ENUM_CONVERSION = YES;
				CLANG_WARN_INT_CONVERSION = YES;
				CLANG_WARN_OBJC_ROOT_CLASS = YES_ERROR;
				CLANG_WARN__DUPLICATE_METHOD_MATCH = YES;
				CODE_SIGN_IDENTITY = "iPhone Developer: ZHAOHUI SUN (PHU454DK2H)";
				"CODE_SIGN_IDENTITY[sdk=iphoneos*]" = "iPhone Developer: ZHAOHUI SUN (PHU454DK2H)";
				COPY_PHASE_STRIP = YES;
				ENABLE_NS_ASSERTIONS = NO;
				GCC_C_LANGUAGE_STANDARD = gnu99;
				GCC_WARN_64_TO_32_BIT_CONVERSION = YES;
				GCC_WARN_ABOUT_RETURN_TYPE = YES_ERROR;
				GCC_WARN_UNDECLARED_SELECTOR = YES;
				GCC_WARN_UNINITIALIZED_AUTOS = YES_AGGRESSIVE;
				GCC_WARN_UNUSED_FUNCTION = YES;
				GCC_WARN_UNUSED_VARIABLE = YES;
				IPHONEOS_DEPLOYMENT_TARGET = 7.1;
				SDKROOT = iphoneos;
				VALIDATE_PRODUCT = YES;
			};
			name = Release;
		};
		2F5028811977DD430052F818 /* Debug */ = {
			isa = XCBuildConfiguration;
			buildSettings = {
				ASSETCATALOG_COMPILER_APPICON_NAME = AppIcon;
				ASSETCATALOG_COMPILER_LAUNCHIMAGE_NAME = LaunchImage;
				GCC_PRECOMPILE_PREFIX_HEADER = YES;
				GCC_PREFIX_HEADER = "Horde/Horde-Prefix.pch";
				INFOPLIST_FILE = "Horde/Horde-Info.plist";
				PRODUCT_NAME = "$(TARGET_NAME)";
				WRAPPER_EXTENSION = app;
			};
			name = Debug;
		};
		2F5028821977DD430052F818 /* Release */ = {
			isa = XCBuildConfiguration;
			buildSettings = {
				ASSETCATALOG_COMPILER_APPICON_NAME = AppIcon;
				ASSETCATALOG_COMPILER_LAUNCHIMAGE_NAME = LaunchImage;
				GCC_PRECOMPILE_PREFIX_HEADER = YES;
				GCC_PREFIX_HEADER = "Horde/Horde-Prefix.pch";
				INFOPLIST_FILE = "Horde/Horde-Info.plist";
				PRODUCT_NAME = "旅途易";
				WRAPPER_EXTENSION = app;
			};
			name = Release;
		};
		2F5028841977DD430052F818 /* Debug */ = {
			isa = XCBuildConfiguration;
			buildSettings = {
				BUNDLE_LOADER = "$(BUILT_PRODUCTS_DIR)/Horde.app/Horde";
				FRAMEWORK_SEARCH_PATHS = (
					"$(SDKROOT)/Developer/Library/Frameworks",
					"$(inherited)",
					"$(DEVELOPER_FRAMEWORKS_DIR)",
				);
				GCC_PRECOMPILE_PREFIX_HEADER = YES;
				GCC_PREFIX_HEADER = "Horde/Horde-Prefix.pch";
				GCC_PREPROCESSOR_DEFINITIONS = (
					"DEBUG=1",
					"$(inherited)",
				);
				INFOPLIST_FILE = "HordeTests/HordeTests-Info.plist";
				PRODUCT_NAME = "$(TARGET_NAME)";
				TEST_HOST = "$(BUNDLE_LOADER)";
				WRAPPER_EXTENSION = xctest;
			};
			name = Debug;
		};
		2F5028851977DD430052F818 /* Release */ = {
			isa = XCBuildConfiguration;
			buildSettings = {
				BUNDLE_LOADER = "$(BUILT_PRODUCTS_DIR)/Horde.app/Horde";
				FRAMEWORK_SEARCH_PATHS = (
					"$(SDKROOT)/Developer/Library/Frameworks",
					"$(inherited)",
					"$(DEVELOPER_FRAMEWORKS_DIR)",
				);
				GCC_PRECOMPILE_PREFIX_HEADER = YES;
				GCC_PREFIX_HEADER = "Horde/Horde-Prefix.pch";
				INFOPLIST_FILE = "HordeTests/HordeTests-Info.plist";
				PRODUCT_NAME = "$(TARGET_NAME)";
				TEST_HOST = "$(BUNDLE_LOADER)";
				WRAPPER_EXTENSION = xctest;
			};
			name = Release;
		};
/* End XCBuildConfiguration section */

/* Begin XCConfigurationList section */
		2F5028491977DD420052F818 /* Build configuration list for PBXProject "Horde" */ = {
			isa = XCConfigurationList;
			buildConfigurations = (
				2F50287E1977DD430052F818 /* Debug */,
				2F50287F1977DD430052F818 /* Release */,
			);
			defaultConfigurationIsVisible = 0;
			defaultConfigurationName = Release;
		};
		2F5028801977DD430052F818 /* Build configuration list for PBXNativeTarget "Horde" */ = {
			isa = XCConfigurationList;
			buildConfigurations = (
				2F5028811977DD430052F818 /* Debug */,
				2F5028821977DD430052F818 /* Release */,
			);
			defaultConfigurationIsVisible = 0;
			defaultConfigurationName = Release;
		};
		2F5028831977DD430052F818 /* Build configuration list for PBXNativeTarget "HordeTests" */ = {
			isa = XCConfigurationList;
			buildConfigurations = (
				2F5028841977DD430052F818 /* Debug */,
				2F5028851977DD430052F818 /* Release */,
			);
			defaultConfigurationIsVisible = 0;
			defaultConfigurationName = Release;
		};
/* End XCConfigurationList section */
	};
	rootObject = 2F5028461977DD420052F818 /* Project object */;
}
